
Microsoft Visual Studio Solution File, Format Version 12.00
# Visual Studio Version 16
VisualStudioVersion = 16.0.31005.135
MinimumVisualStudioVersion = 10.0.40219.1
Project("{8BC9CEB8-8B4A-11D0-8D11-00A0C91BC942}") = "BuyNSell++", "BuyNSell++\BuyNSell++.vcxproj", "{0513AFDE-8676-447B-A43F-8D6E51A7FDE9}"
EndProject
Global
	GlobalSection(SolutionConfigurationPlatforms) = preSolution
		Debug|x64 = Debug|x64
		Debug|x86 = Debug|x86
		Release|x64 = Release|x64
		Release|x86 = Release|x86
	EndGlobalSection
	GlobalSection(ProjectConfigurationPlatforms) = postSolution
		{0513AFDE-8676-447B-A43F-8D6E51A7FDE9}.Debug|x64.ActiveCfg = Debug|x64
		{0513AFDE-8676-447B-A43F-8D6E51A7FDE9}.Debug|x64.Build.0 = Debug|x64
		{0513AFDE-8676-447B-A43F-8D6E51A7FDE9}.Debug|x86.ActiveCfg = Debug|Win32
		{0513AFDE-8676-447B-A43F-8D6E51A7FDE9}.Debug|x86.Build.0 = Debug|Win32
		{0513AFDE-8676-447B-A43F-8D6E51A7FDE9}.Release|x64.ActiveCfg = Release|x64
		{0513AFDE-8676-447B-A43F-8D6E51A7FDE9}.Release|x64.Build.0 = Release|x64
		{0513AFDE-8676-447B-A43F-8D6E51A7FDE9}.Release|x86.ActiveCfg = Release|Win32
		{0513AFDE-8676-447B-A43F-8D6E51A7FDE9}.Release|x86.Build.0 = Release|Win32
	EndGlobalSection
	GlobalSection(SolutionProperties) = preSolution
		HideSolutionNode = FALSE
	EndGlobalSection
	GlobalSection(ExtensibilityGlobals) = postSolution
		SolutionGuid = {BC38774A-0A3F-42AB-9753-331CA8CD2CEC}
	EndGlobalSection
EndGlobal
